// !$*UTF8*$!
{
	archiveVersion = 1;
	classes = {
	};
	objectVersion = 50;
	objects = {

/* Begin PBXBuildFile section */
		060BA84A235DAD7A00349709 /* AppDelegate.swift in Sources */ = {isa = PBXBuildFile; fileRef = 060BA849235DAD7A00349709 /* AppDelegate.swift */; };
		060BA84C235DAD7A00349709 /* SceneDelegate.swift in Sources */ = {isa = PBXBuildFile; fileRef = 060BA84B235DAD7A00349709 /* SceneDelegate.swift */; };
		060BA84E235DAD7A00349709 /* ViewController.swift in Sources */ = {isa = PBXBuildFile; fileRef = 060BA84D235DAD7A00349709 /* ViewController.swift */; };
		060BA851235DAD7B00349709 /* Main.storyboard in Resources */ = {isa = PBXBuildFile; fileRef = 060BA84F235DAD7B00349709 /* Main.storyboard */; };
		060BA853235DAD9100349709 /* Assets.xcassets in Resources */ = {isa = PBXBuildFile; fileRef = 060BA852235DAD9100349709 /* Assets.xcassets */; };
		060BA856235DAD9100349709 /* LaunchScreen.storyboard in Resources */ = {isa = PBXBuildFile; fileRef = 060BA854235DAD9100349709 /* LaunchScreen.storyboard */; };
		060BA85E235DAE8C00349709 /* doctor-woman-Flat-Round-Icon.png in Resources */ = {isa = PBXBuildFile; fileRef = 060BA85D235DAE8C00349709 /* doctor-woman-Flat-Round-Icon.png */; };
		060BA861235DAF5C00349709 /* Radiobutton_Off@2x.png in Resources */ = {isa = PBXBuildFile; fileRef = 060BA85F235DAF5C00349709 /* Radiobutton_Off@2x.png */; };
		060BA862235DAF5C00349709 /* Radiobutton_On@2x.png in Resources */ = {isa = PBXBuildFile; fileRef = 060BA860235DAF5C00349709 /* Radiobutton_On@2x.png */; };
		060BA864235DB26500349709 /* RadioCell.swift in Sources */ = {isa = PBXBuildFile; fileRef = 060BA863235DB26500349709 /* RadioCell.swift */; };
/* End PBXBuildFile section */

/* Begin PBXFileReference section */
		060BA846235DAD7A00349709 /* RadioButton_Swift.app */ = {isa = PBXFileReference; explicitFileType = wrapper.application; includeInIndex = 0; path = RadioButton_Swift.app; sourceTree = BUILT_PRODUCTS_DIR; };
		060BA849235DAD7A00349709 /* AppDelegate.swift */ = {isa = PBXFileReference; lastKnownFileType = sourcecode.swift; path = AppDelegate.swift; sourceTree = "<group>"; };
		060BA84B235DAD7A00349709 /* SceneDelegate.swift */ = {isa = PBXFileReference; lastKnownFileType = sourcecode.swift; path = SceneDelegate.swift; sourceTree = "<group>"; };
		060BA84D235DAD7A00349709 /* ViewController.swift */ = {isa = PBXFileReference; lastKnownFileType = sourcecode.swift; path = ViewController.swift; sourceTree = "<group>"; };
		060BA850235DAD7B00349709 /* Base */ = {isa = PBXFileReference; lastKnownFileType = file.storyboard; name = Base; path = Base.lproj/Main.storyboard; sourceTree = "<group>"; };
		060BA852235DAD9100349709 /* Assets.xcassets */ = {isa = PBXFileReference; lastKnownFileType = folder.assetcatalog; path = Assets.xcassets; sourceTree = "<group>"; };
		060BA855235DAD9100349709 /* Base */ = {isa = PBXFileReference; lastKnownFileType = file.storyboard; name = Base; path = Base.lproj/LaunchScreen.storyboard; sourceTree = "<group>"; };
		060BA857235DAD9100349709 /* Info.plist */ = {isa = PBXFileReference; lastKnownFileType = text.plist.xml; path = Info.plist; sourceTree = "<group>"; };
		060BA85D235DAE8C00349709 /* doctor-woman-Flat-Round-Icon.png */ = {isa = PBXFileReference; lastKnownFileType = image.png; path = "doctor-woman-Flat-Round-Icon.png"; sourceTree = "<group>"; };
		060BA85F235DAF5C00349709 /* Radiobutton_Off@2x.png */ = {isa = PBXFileReference; lastKnownFileType = image.png; path = "Radiobutton_Off@2x.png"; sourceTree = "<group>"; };
		060BA860235DAF5C00349709 /* Radiobutton_On@2x.png */ = {isa = PBXFileReference; lastKnownFileType = image.png; path = "Radiobutton_On@2x.png"; sourceTree = "<group>"; };
		060BA863235DB26500349709 /* RadioCell.swift */ = {isa = PBXFileReference; lastKnownFileType = sourcecode.swift; path = RadioCell.swift; sourceTree = "<group>"; };
/* End PBXFileReference section */

/* Begin PBXFrameworksBuildPhase section */
		060BA843235DAD7A00349709 /* Frameworks */ = {
			isa = PBXFrameworksBuildPhase;
			buildActionMask = 2147483647;
			files = (
			);
			runOnlyForDeploymentPostprocessing = 0;
		};
/* End PBXFrameworksBuildPhase section */

/* Begin PBXGroup section */
		060BA83D235DAD7A00349709 = {
			isa = PBXGroup;
			children = (
				060BA848235DAD7A00349709 /* RadioButton_Swift */,
				060BA847235DAD7A00349709 /* Products */,
			);
			sourceTree = "<group>";
		};
		060BA847235DAD7A00349709 /* Products */ = {
			isa = PBXGroup;
			children = (
				060BA846235DAD7A00349709 /* RadioButton_Swift.app */,
			);
			name = Products;
			sourceTree = "<group>";
		};
		060BA848235DAD7A00349709 /* RadioButton_Swift */ = {
			isa = PBXGroup;
			children = (
				6C151E14241228AC00CCC998 /* AppDelegate */,
				6C151E15241228C300CCC998 /* ViewControllers */,
				6C151E16241228DC00CCC998 /* Cells */,
				6C151E17241228F300CCC998 /* ImageAssets */,
				060BA84F235DAD7B00349709 /* Main.storyboard */,
				060BA852235DAD9100349709 /* Assets.xcassets */,
				060BA854235DAD9100349709 /* LaunchScreen.storyboard */,
				060BA857235DAD9100349709 /* Info.plist */,
			);
			path = RadioButton_Swift;
			sourceTree = "<group>";
		};
		6C151E14241228AC00CCC998 /* AppDelegate */ = {
			isa = PBXGroup;
			children = (
				060BA849235DAD7A00349709 /* AppDelegate.swift */,
				060BA84B235DAD7A00349709 /* SceneDelegate.swift */,
			);
			path = AppDelegate;
			sourceTree = "<group>";
		};
		6C151E15241228C300CCC998 /* ViewControllers */ = {
			isa = PBXGroup;
			children = (
				060BA84D235DAD7A00349709 /* ViewController.swift */,
			);
			path = ViewControllers;
			sourceTree = "<group>";
		};
		6C151E16241228DC00CCC998 /* Cells */ = {
			isa = PBXGroup;
			children = (
				060BA863235DB26500349709 /* RadioCell.swift */,
			);
			path = Cells;
			sourceTree = "<group>";
		};
		6C151E17241228F300CCC998 /* ImageAssets */ = {
			isa = PBXGroup;
			children = (
				060BA85F235DAF5C00349709 /* Radiobutton_Off@2x.png */,
				060BA860235DAF5C00349709 /* Radiobutton_On@2x.png */,
				060BA85D235DAE8C00349709 /* doctor-woman-Flat-Round-Icon.png */,
			);
			path = ImageAssets;
			sourceTree = "<group>";
		};
/* End PBXGroup section */

/* Begin PBXNativeTarget section */
		060BA845235DAD7A00349709 /* RadioButton_Swift */ = {
			isa = PBXNativeTarget;
			buildConfigurationList = 060BA85A235DAD9100349709 /* Build configuration list for PBXNativeTarget "RadioButton_Swift" */;
			buildPhases = (
				060BA842235DAD7A00349709 /* Sources */,
				060BA843235DAD7A00349709 /* Frameworks */,
				060BA844235DAD7A00349709 /* Resources */,
			);
			buildRules = (
			);
			dependencies = (
			);
			name = RadioButton_Swift;
			productName = RadioButton_Swift;
			productReference = 060BA846235DAD7A00349709 /* RadioButton_Swift.app */;
			productType = "com.apple.product-type.application";
		};
/* End PBXNativeTarget section */

/* Begin PBXProject section */
		060BA83E235DAD7A00349709 /* Project object */ = {
			isa = PBXProject;
			attributes = {
				LastSwiftUpdateCheck = 1110;
				LastUpgradeCheck = 1110;
				ORGANIZATIONNAME = "Mallikarjun H";
				TargetAttributes = {
					060BA845235DAD7A00349709 = {
						CreatedOnToolsVersion = 11.1;
					};
				};
			};
			buildConfigurationList = 060BA841235DAD7A00349709 /* Build configuration list for PBXProject "RadioButton_Swift" */;
			compatibilityVersion = "Xcode 9.3";
			developmentRegion = en;
			hasScannedForEncodings = 0;
			knownRegions = (
				en,
				Base,
			);
			mainGroup = 060BA83D235DAD7A00349709;
			productRefGroup = 060BA847235DAD7A00349709 /* Products */;
			projectDirPath = "";
			projectRoot = "";
			targets = (
				060BA845235DAD7A00349709 /* RadioButton_Swift */,
			);
		};
/* End PBXProject section */

/* Begin PBXResourcesBuildPhase section */
		060BA844235DAD7A00349709 /* Resources */ = {
			isa = PBXResourcesBuildPhase;
			buildActionMask = 2147483647;
			files = (
				060BA85E235DAE8C00349709 /* doctor-woman-Flat-Round-Icon.png in Resources */,
				060BA862235DAF5C00349709 /* Radiobutton_On@2x.png in Resources */,
				060BA861235DAF5C00349709 /* Radiobutton_Off@2x.png in Resources */,
				060BA856235DAD9100349709 /* LaunchScreen.storyboard in Resources */,
				060BA853235DAD9100349709 /* Assets.xcassets in Resources */,
				060BA851235DAD7B00349709 /* Main.storyboard in Resources */,
			);
			runOnlyForDeploymentPostprocessing = 0;
		};
/* End PBXResourcesBuildPhase section */

/* Begin PBXSourcesBuildPhase section */
		060BA842235DAD7A00349709 /* Sources */ = {
			isa = PBXSourcesBuildPhase;
			buildActionMask = 2147483647;
			files = (
				060BA84E235DAD7A00349709 /* ViewController.swift in Sources */,
				060BA864235DB26500349709 /* RadioCell.swift in Sources */,
				060BA84A235DAD7A00349709 /* AppDelegate.swift in Sources */,
				060BA84C235DAD7A00349709 /* SceneDelegate.swift in Sources */,
			);
			runOnlyForDeploymentPostprocessing = 0;
		};
/* End PBXSourcesBuildPhase section */

/* Begin PBXVariantGroup section */
		060BA84F235DAD7B00349709 /* Main.storyboard */ = {
			isa = PBXVariantGroup;
			children = (
				060BA850235DAD7B00349709 /* Base */,
			);
			name = Main.storyboard;
			sourceTree = "<group>";
		};
		060BA854235DAD9100349709 /* LaunchScreen.storyboard */ = {
			isa = PBXVariantGroup;
			children = (
				060BA855235DAD9100349709 /* Base */,
			);
			name = LaunchScreen.storyboard;
			sourceTree = "<group>";
		};
/* End PBXVariantGroup section */

/* Begin XCBuildConfiguration section */
		060BA858235DAD9100349709 /* Debug */ = {
			isa = XCBuildConfiguration;
			buildSettings = {
				ALWAYS_SEARCH_USER_PATHS = NO;
				CLANG_ANALYZER_NONNULL = YES;
				CLANG_ANALYZER_NUMBER_OBJECT_CONVERSION = YES_AGGRESSIVE;
				CLANG_CXX_LANGUAGE_STANDARD = "gnu++14";
				CLANG_CXX_LIBRARY = "libc++";
				CLANG_ENABLE_MODULES = YES;
				CLANG_ENABLE_OBJC_ARC = YES;
				CLANG_ENABLE_OBJC_WEAK = YES;
				CLANG_WARN_BLOCK_CAPTURE_AUTORELEASING = YES;
				CLANG_WARN_BOOL_CONVERSION = YES;
				CLANG_WARN_COMMA = YES;
				CLANG_WARN_CONSTANT_CONVERSION = YES;
				CLANG_WARN_DEPRECATED_OBJC_IMPLEMENTATIONS = YES;
				CLANG_WARN_DIRECT_OBJC_ISA_USAGE = YES_ERROR;
				CLANG_WARN_DOCUMENTATION_COMMENTS = YES;
				CLANG_WARN_EMPTY_BODY = YES;
				CLANG_WARN_ENUM_CONVERSION = YES;
				CLANG_WARN_INFINITE_RECURSION = YES;
				CLANG_WARN_INT_CONVERSION = YES;
				CLANG_WARN_NON_LITERAL_NULL_CONVERSION = YES;
				CLANG_WARN_OBJC_IMPLICIT_RETAIN_SELF = YES;
				CLANG_WARN_OBJC_LITERAL_CONVERSION = YES;
				CLANG_WARN_OBJC_ROOT_CLASS = YES_ERROR;
				CLANG_WARN_RANGE_LOOP_ANALYSIS = YES;
				CLANG_WARN_STRICT_PROTOTYPES = YES;
				CLANG_WARN_SUSPICIOUS_MOVE = YES;
				CLANG_WARN_UNGUARDED_AVAILABILITY = YES_AGGRESSIVE;
				CLANG_WARN_UNREACHABLE_CODE = YES;
				CLANG_WARN__DUPLICATE_METHOD_MATCH = YES;
				COPY_PHASE_STRIP = NO;
				DEBUG_INFORMATION_FORMAT = dwarf;
				ENABLE_STRICT_OBJC_MSGSEND = YES;
				ENABLE_TESTABILITY = YES;
				GCC_C_LANGUAGE_STANDARD = gnu11;
				GCC_DYNAMIC_NO_PIC = NO;
				GCC_NO_COMMON_BLOCKS = YES;
				GCC_OPTIMIZATION_LEVEL = 0;
				GCC_PREPROCESSOR_DEFINITIONS = (
					"DEBUG=1",
					"$(inherited)",
				);
				GCC_WARN_64_TO_32_BIT_CONVERSION = YES;
				GCC_WARN_ABOUT_RETURN_TYPE = YES_ERROR;
				GCC_WARN_UNDECLARED_SELECTOR = YES;
				GCC_WARN_UNINITIALIZED_AUTOS = YES_AGGRESSIVE;
				GCC_WARN_UNUSED_FUNCTION = YES;
				GCC_WARN_UNUSED_VARIABLE = YES;
				IPHONEOS_DEPLOYMENT_TARGET = 13.1;
				MTL_ENABLE_DEBUG_INFO = INCLUDE_SOURCE;
				MTL_FAST_MATH = YES;
				ONLY_ACTIVE_ARCH = YES;
				SDKROOT = iphoneos;
				SWIFT_ACTIVE_COMPILATION_CONDITIONS = DEBUG;
				SWIFT_OPTIMIZATION_LEVEL = "-Onone";
			};
			name = Debug;
		};
		060BA859235DAD9100349709 /* Release */ = {
			isa = XCBuildConfiguration;
			buildSettings = {
				ALWAYS_SEARCH_USER_PATHS = NO;
				CLANG_ANALYZER_NONNULL = YES;
				CLANG_ANALYZER_NUMBER_OBJECT_CONVERSION = YES_AGGRESSIVE;
				CLANG_CXX_LANGUAGE_STANDARD = "gnu++14";
				CLANG_CXX_LIBRARY = "libc++";
				CLANG_ENABLE_MODULES = YES;
				CLANG_ENABLE_OBJC_ARC = YES;
				CLANG_ENABLE_OBJC_WEAK = YES;
				CLANG_WARN_BLOCK_CAPTURE_AUTORELEASING = YES;
				CLANG_WARN_BOOL_CONVERSION = YES;
				CLANG_WARN_COMMA = YES;
				CLANG_WARN_CONSTANT_CONVERSION = YES;
				CLANG_WARN_DEPRECATED_OBJC_IMPLEMENTATIONS = YES;
				CLANG_WARN_DIRECT_OBJC_ISA_USAGE = YES_ERROR;
				CLANG_WARN_DOCUMENTATION_COMMENTS = YES;
				CLANG_WARN_EMPTY_BODY = YES;
				CLANG_WARN_ENUM_CONVERSION = YES;
				CLANG_WARN_INFINITE_RECURSION = YES;
				CLANG_WARN_INT_CONVERSION = YES;
				CLANG_WARN_NON_LITERAL_NULL_CONVERSION = YES;
				CLANG_WARN_OBJC_IMPLICIT_RETAIN_SELF = YES;
				CLANG_WARN_OBJC_LITERAL_CONVERSION = YES;
				CLANG_WARN_OBJC_ROOT_CLASS = YES_ERROR;
				CLANG_WARN_RANGE_LOOP_ANALYSIS = YES;
				CLANG_WARN_STRICT_PROTOTYPES = YES;
				CLANG_WARN_SUSPICIOUS_MOVE = YES;
				CLANG_WARN_UNGUARDED_AVAILABILITY = YES_AGGRESSIVE;
				CLANG_WARN_UNREACHABLE_CODE = YES;
				CLANG_WARN__DUPLICATE_METHOD_MATCH = YES;
				COPY_PHASE_STRIP = NO;
				DEBUG_INFORMATION_FORMAT = "dwarf-with-dsym";
				ENABLE_NS_ASSERTIONS = NO;
				ENABLE_STRICT_OBJC_MSGSEND = YES;
				GCC_C_LANGUAGE_STANDARD = gnu11;
				GCC_NO_COMMON_BLOCKS = YES;
				GCC_WARN_64_TO_32_BIT_CONVERSION = YES;
				GCC_WARN_ABOUT_RETURN_TYPE = YES_ERROR;
				GCC_WARN_UNDECLARED_SELECTOR = YES;
				GCC_WARN_UNINITIALIZED_AUTOS = YES_AGGRESSIVE;
				GCC_WARN_UNUSED_FUNCTION = YES;
				GCC_WARN_UNUSED_VARIABLE = YES;
				IPHONEOS_DEPLOYMENT_TARGET = 13.1;
				MTL_ENABLE_DEBUG_INFO = NO;
				MTL_FAST_MATH = YES;
				SDKROOT = iphoneos;
				SWIFT_COMPILATION_MODE = wholemodule;
				SWIFT_OPTIMIZATION_LEVEL = "-O";
				VALIDATE_PRODUCT = YES;
			};
			name = Release;
		};
		060BA85B235DAD9100349709 /* Debug */ = {
			isa = XCBuildConfiguration;
			buildSettings = {
				ASSETCATALOG_COMPILER_APPICON_NAME = AppIcon;
				CODE_SIGN_STYLE = Automatic;
				DEVELOPMENT_TEAM = 9HVHM5PPH2;
				INFOPLIST_FILE = RadioButton_Swift/Info.plist;
				LD_RUNPATH_SEARCH_PATHS = (
					"$(inherited)",
					"@executable_path/Frameworks",
				);
				PRODUCT_BUNDLE_IDENTIFIER = "TestExamples.RadioButton-Swift";
				PRODUCT_NAME = "$(TARGET_NAME)";
				SWIFT_VERSION = 5.0;
				TARGETED_DEVICE_FAMILY = "1,2";
			};
			name = Debug;
		};
		060BA85C235DAD9100349709 /* Release */ = {
			isa = XCBuildConfiguration;
			buildSettings = {
				ASSETCATALOG_COMPILER_APPICON_NAME = AppIcon;
				CODE_SIGN_STYLE = Automatic;
				DEVELOPMENT_TEAM = 9HVHM5PPH2;
				INFOPLIST_FILE = RadioButton_Swift/Info.plist;
				LD_RUNPATH_SEARCH_PATHS = (
					"$(inherited)",
					"@executable_path/Frameworks",
				);
				PRODUCT_BUNDLE_IDENTIFIER = "TestExamples.RadioButton-Swift";
				PRODUCT_NAME = "$(TARGET_NAME)";
				SWIFT_VERSION = 5.0;
				TARGETED_DEVICE_FAMILY = "1,2";
			};
			name = Release;
		};
/* End XCBuildConfiguration section */

/* Begin XCConfigurationList section */
		060BA841235DAD7A00349709 /* Build configuration list for PBXProject "RadioButton_Swift" */ = {
			isa = XCConfigurationList;
			buildConfigurations = (
				060BA858235DAD9100349709 /* Debug */,
				060BA859235DAD9100349709 /* Release */,
			);
			defaultConfigurationIsVisible = 0;
			defaultConfigurationName = Release;
		};
		060BA85A235DAD9100349709 /* Build configuration list for PBXNativeTarget "RadioButton_Swift" */ = {
			isa = XCConfigurationList;
			buildConfigurations = (
				060BA85B235DAD9100349709 /* Debug */,
				060BA85C235DAD9100349709 /* Release */,
			);
			defaultConfigurationIsVisible = 0;
			defaultConfigurationName = Release;
		};
/* End XCConfigurationList section */
	};
	rootObject = 060BA83E235DAD7A00349709 /* Project object */;
}
